
Microsoft Visual Studio Solution File, Format Version 12.00
# Visual Studio Version 16
VisualStudioVersion = 16.0.31229.75
MinimumVisualStudioVersion = 10.0.40219.1
Project("{9A19103F-16F7-4668-BE54-9A1E7A4F7556}") = "Engine", "Engine\Engine.csproj", "{EBC81EDB-1174-4FE5-80B8-6C2649E7387C}"
EndProject
Project("{9A19103F-16F7-4668-BE54-9A1E7A4F7556}") = "EngineModels", "EngineModel\EngineModels.csproj", "{C80CDE43-7B27-41AC-83E6-B92E6518707E}"
EndProject
Project("{9A19103F-16F7-4668-BE54-9A1E7A4F7556}") = "EngineTests", "EngineTests\EngineTests.csproj", "{7AE69DD1-E8B6-4257-B21A-0650EEB3B6BF}"
EndProject
Project("{FAE04EC0-301F-11D3-BF4B-00C04F79EFBC}") = "EngineModelsTests", "EngineModelsTests\EngineModelsTests.csproj", "{02DF5A21-EF01-42F1-8096-EB0E5F95B5E2}"
EndProject
Global
	GlobalSection(SolutionConfigurationPlatforms) = preSolution
		Debug|Any CPU = Debug|Any CPU
		Release|Any CPU = Release|Any CPU
	EndGlobalSection
	GlobalSection(ProjectConfigurationPlatforms) = postSolution
		{EBC81EDB-1174-4FE5-80B8-6C2649E7387C}.Debug|Any CPU.ActiveCfg = Debug|Any CPU
		{EBC81EDB-1174-4FE5-80B8-6C2649E7387C}.Debug|Any CPU.Build.0 = Debug|Any CPU
		{EBC81EDB-1174-4FE5-80B8-6C2649E7387C}.Release|Any CPU.ActiveCfg = Release|Any CPU
		{EBC81EDB-1174-4FE5-80B8-6C2649E7387C}.Release|Any CPU.Build.0 = Release|Any CPU
		{C80CDE43-7B27-41AC-83E6-B92E6518707E}.Debug|Any CPU.ActiveCfg = Debug|Any CPU
		{C80CDE43-7B27-41AC-83E6-B92E6518707E}.Debug|Any CPU.Build.0 = Debug|Any CPU
		{C80CDE43-7B27-41AC-83E6-B92E6518707E}.Release|Any CPU.ActiveCfg = Release|Any CPU
		{C80CDE43-7B27-41AC-83E6-B92E6518707E}.Release|Any CPU.Build.0 = Release|Any CPU
		{7AE69DD1-E8B6-4257-B21A-0650EEB3B6BF}.Debug|Any CPU.ActiveCfg = Debug|Any CPU
		{7AE69DD1-E8B6-4257-B21A-0650EEB3B6BF}.Debug|Any CPU.Build.0 = Debug|Any CPU
		{7AE69DD1-E8B6-4257-B21A-0650EEB3B6BF}.Release|Any CPU.ActiveCfg = Release|Any CPU
		{7AE69DD1-E8B6-4257-B21A-0650EEB3B6BF}.Release|Any CPU.Build.0 = Release|Any CPU
		{02DF5A21-EF01-42F1-8096-EB0E5F95B5E2}.Debug|Any CPU.ActiveCfg = Debug|Any CPU
		{02DF5A21-EF01-42F1-8096-EB0E5F95B5E2}.Debug|Any CPU.Build.0 = Debug|Any CPU
		{02DF5A21-EF01-42F1-8096-EB0E5F95B5E2}.Release|Any CPU.ActiveCfg = Release|Any CPU
		{02DF5A21-EF01-42F1-8096-EB0E5F95B5E2}.Release|Any CPU.Build.0 = Release|Any CPU
	EndGlobalSection
	GlobalSection(SolutionProperties) = preSolution
		HideSolutionNode = FALSE
	EndGlobalSection
	GlobalSection(ExtensibilityGlobals) = postSolution
		SolutionGuid = {1FBB7AC3-5829-4A39-93CC-7268FD232312}
	EndGlobalSection
EndGlobal
